# This file is automatically @generated by Cargo.
# It is not intended for manual editing.
version = 3

[[package]]
name = "aho-corasick"
version = "1.1.2"
source = "registry+https://github.com/rust-lang/crates.io-index"
checksum = "b2969dcb958b36655471fc61f7e416fa76033bdd4bfed0678d8fee1e2d07a1f0"
dependencies = [
 "memchr",
]

[[package]]
name = "aoclib"
version = "0.1.0"
source = "registry+https://github.com/rust-lang/crates.io-index"
checksum = "f2c2d935c30742c3b4ba8d3cbd7f223cf715bde0094d2752b14b8a6207f46599"

[[package]]
name = "aoclib"
version = "0.2.1"
source = "registry+https://github.com/rust-lang/crates.io-index"
checksum = "9e8641208d3994f6429f6b93a2b173951a80fa0cce1f37cb004a8aca656671a7"

[[package]]
name = "autocfg"
version = "1.1.0"
source = "registry+https://github.com/rust-lang/crates.io-index"
checksum = "d468802bab17cbc0cc575e9b053f41e72aa36bfa6b7f55e3529ffa43161b97fa"

[[package]]
name = "day-15"
version = "0.1.0"
dependencies = [
 "aoclib 0.1.0",
 "grid",
 "search",
]

[[package]]
name = "either"
version = "1.9.0"
source = "registry+https://github.com/rust-lang/crates.io-index"
checksum = "a26ae43d7bcc3b814de94796a5e736d4029efb0ee900c12e2d54c993ad1a1e07"

[[package]]
name = "grid"
version = "0.5.0"
source = "git+https://github.com/sncxyz/grid#639c914ffdf5bb4295467954de6d9dcb5f112b15"

[[package]]
name = "intcode"
version = "0.1.0"

[[package]]
name = "itertools"
version = "0.10.5"
source = "registry+https://github.com/rust-lang/crates.io-index"
checksum = "b0fd2260e829bddf4cb6ea802289de2f86d6a7a690192fbe91b3f46e0f2c8473"
dependencies = [
 "either",
]

[[package]]
name = "memchr"
version = "2.6.4"
source = "registry+https://github.com/rust-lang/crates.io-index"
checksum = "f665ee40bc4a3c5590afb1e9677db74a508659dfd71e126420da8274909a0167"

[[package]]
name = "num-integer"
version = "0.1.45"
source = "registry+https://github.com/rust-lang/crates.io-index"
checksum = "225d3389fb3509a24c93f5c29eb6bde2586b98d9f016636dff58d7c6f7569cd9"
dependencies = [
 "autocfg",
 "num-traits",
]

[[package]]
name = "num-traits"
version = "0.2.17"
source = "registry+https://github.com/rust-lang/crates.io-index"
checksum = "39e3200413f237f41ab11ad6d161bc7239c84dcb631773ccd7de3dfe4b5c267c"
dependencies = [
 "autocfg",
]

[[package]]
name = "regex"
version = "1.10.2"
source = "registry+https://github.com/rust-lang/crates.io-index"
checksum = "380b951a9c5e80ddfd6136919eef32310721aa4aacd4889a8d39124b026ab343"
dependencies = [
 "aho-corasick",
 "memchr",
 "regex-automata",
 "regex-syntax",
]

[[package]]
name = "regex-automata"
version = "0.4.3"
source = "registry+https://github.com/rust-lang/crates.io-index"
checksum = "5f804c7828047e88b2d32e2d7fe5a105da8ee3264f01902f796c8e067dc2483f"
dependencies = [
 "aho-corasick",
 "memchr",
 "regex-syntax",
]

[[package]]
name = "regex-syntax"
version = "0.8.2"
source = "registry+https://github.com/rust-lang/crates.io-index"
checksum = "c08c74e62047bb2de4ff487b251e4a92e24f48745648451635cec7d591162d9f"

[[package]]
name = "rustc-hash"
version = "1.1.0"
source = "registry+https://github.com/rust-lang/crates.io-index"
checksum = "08d43f7aa6b08d49f382cde6a7982047c3426db949b1424bc4b7ec9ae12c6ce2"

[[package]]
name = "search"
version = "0.1.2"
source = "git+https://github.com/sncxyz/search#c936dd79dc5b1b293b6a1181cd0663554c51d689"
dependencies = [
 "rustc-hash",
]

[[package]]
name = "y2018d01"
version = "0.1.0"
dependencies = [
 "aoclib 0.1.0",
 "rustc-hash",
]

[[package]]
name = "y2018d02"
version = "0.1.0"
dependencies = [
 "aoclib 0.1.0",
 "rustc-hash",
]

[[package]]
name = "y2018d03"
version = "0.1.0"
dependencies = [
 "aoclib 0.1.0",
]

[[package]]
name = "y2018d04"
version = "0.1.0"
dependencies = [
 "aoclib 0.2.1",
]

[[package]]
name = "y2019d01"
version = "0.1.0"
dependencies = [
 "aoclib 0.1.0",
]

[[package]]
name = "y2019d02"
version = "0.1.0"
dependencies = [
 "aoclib 0.1.0",
 "intcode",
]

[[package]]
name = "y2019d03"
version = "0.1.0"
dependencies = [
 "aoclib 0.1.0",
 "grid",
 "rustc-hash",
]

[[package]]
name = "y2019d04"
version = "0.1.0"
dependencies = [
 "aoclib 0.1.0",
]

[[package]]
name = "y2019d05"
version = "0.1.0"
dependencies = [
 "aoclib 0.1.0",
 "intcode",
]

[[package]]
name = "y2019d06"
version = "0.1.0"
dependencies = [
 "aoclib 0.1.0",
 "rustc-hash",
]

[[package]]
name = "y2019d07"
version = "0.1.0"
dependencies = [
 "aoclib 0.1.0",
 "intcode",
 "itertools",
]

[[package]]
name = "y2019d08"
version = "0.1.0"
dependencies = [
 "aoclib 0.1.0",
]

[[package]]
name = "y2019d09"
version = "0.1.0"
dependencies = [
 "aoclib 0.1.0",
 "intcode",
]

[[package]]
name = "y2019d10"
version = "0.1.0"
dependencies = [
 "aoclib 0.1.0",
 "grid",
 "rustc-hash",
]

[[package]]
name = "y2019d11"
version = "0.1.0"
dependencies = [
 "aoclib 0.1.0",
 "grid",
 "intcode",
 "rustc-hash",
]

[[package]]
name = "y2019d12"
version = "0.1.0"
dependencies = [
 "aoclib 0.1.0",
 "itertools",
 "rustc-hash",
]

[[package]]
name = "y2019d13"
version = "0.1.0"
dependencies = [
 "aoclib 0.1.0",
 "intcode",
]

[[package]]
name = "y2019d14"
version = "0.1.0"
dependencies = [
 "aoclib 0.1.0",
 "rustc-hash",
]

[[package]]
name = "y2019d15"
version = "0.1.0"
dependencies = [
 "aoclib 0.1.0",
 "grid",
 "intcode",
 "rustc-hash",
]

[[package]]
name = "y2019d16"
version = "0.1.0"
dependencies = [
 "aoclib 0.1.0",
]

[[package]]
name = "y2019d17"
version = "0.1.0"
dependencies = [
 "aoclib 0.1.0",
 "grid",
 "intcode",
]

[[package]]
name = "y2019d18"
version = "0.1.0"
dependencies = [
 "aoclib 0.1.0",
 "grid",
 "rustc-hash",
 "search",
]

[[package]]
name = "y2019d19"
version = "0.1.0"
dependencies = [
 "aoclib 0.1.0",
 "intcode",
]

[[package]]
name = "y2019d20"
version = "0.1.0"
dependencies = [
 "aoclib 0.1.0",
 "grid",
 "rustc-hash",
 "search",
]

[[package]]
name = "y2019d21"
version = "0.1.0"
dependencies = [
 "aoclib 0.1.0",
 "intcode",
]

[[package]]
name = "y2019d22"
version = "0.1.0"
dependencies = [
 "aoclib 0.1.0",
]

[[package]]
name = "y2019d23"
version = "0.1.0"
dependencies = [
 "aoclib 0.1.0",
 "grid",
 "intcode",
]

[[package]]
name = "y2019d24"
version = "0.1.0"
dependencies = [
 "aoclib 0.1.0",
 "grid",
 "rustc-hash",
]

[[package]]
name = "y2019d25"
version = "0.1.0"
dependencies = [
 "aoclib 0.1.0",
 "intcode",
]

[[package]]
name = "y2020d01"
version = "0.1.0"
dependencies = [
 "aoclib 0.1.0",
 "rustc-hash",
]

[[package]]
name = "y2020d02"
version = "0.1.0"
dependencies = [
 "aoclib 0.1.0",
]

[[package]]
name = "y2020d03"
version = "0.1.0"
dependencies = [
 "aoclib 0.1.0",
 "grid",
]

[[package]]
name = "y2020d04"
version = "0.1.0"
dependencies = [
 "aoclib 0.1.0",
 "regex",
]

[[package]]
name = "y2020d05"
version = "0.1.0"
dependencies = [
 "aoclib 0.1.0",
]

[[package]]
name = "y2020d06"
version = "0.1.0"
dependencies = [
 "aoclib 0.1.0",
 "rustc-hash",
]

[[package]]
name = "y2020d07"
version = "0.1.0"
dependencies = [
 "aoclib 0.1.0",
 "rustc-hash",
]

[[package]]
name = "y2020d08"
version = "0.1.0"
dependencies = [
 "aoclib 0.1.0",
]

[[package]]
name = "y2020d09"
version = "0.1.0"
dependencies = [
 "aoclib 0.1.0",
]

[[package]]
name = "y2020d10"
version = "0.1.0"
dependencies = [
 "aoclib 0.1.0",
]

[[package]]
name = "y2020d11"
version = "0.1.0"
dependencies = [
 "aoclib 0.1.0",
 "grid",
]

[[package]]
name = "y2020d12"
version = "0.1.0"
dependencies = [
 "aoclib 0.1.0",
 "grid",
]

[[package]]
name = "y2020d13"
version = "0.1.0"
dependencies = [
 "aoclib 0.1.0",
]

[[package]]
name = "y2020d14"
version = "0.1.0"
dependencies = [
 "aoclib 0.1.0",
 "rustc-hash",
]

[[package]]
name = "y2020d15"
version = "0.1.0"
dependencies = [
 "aoclib 0.1.0",
 "rustc-hash",
]

[[package]]
name = "y2020d16"
version = "0.1.0"
dependencies = [
 "aoclib 0.1.0",
 "rustc-hash",
]

[[package]]
name = "y2020d17"
version = "0.1.0"
dependencies = [
 "aoclib 0.1.0",
 "rustc-hash",
]

[[package]]
name = "y2020d18"
version = "0.1.0"
dependencies = [
 "aoclib 0.1.0",
]

[[package]]
name = "y2020d19"
version = "0.1.0"
dependencies = [
 "aoclib 0.1.0",
 "regex",
]

[[package]]
name = "y2020d20"
version = "0.1.0"
dependencies = [
 "aoclib 0.1.0",
 "grid",
 "rustc-hash",
]

[[package]]
name = "y2020d21"
version = "0.1.0"
dependencies = [
 "aoclib 0.1.0",
 "rustc-hash",
]

[[package]]
name = "y2020d22"
version = "0.1.0"
dependencies = [
 "aoclib 0.1.0",
 "rustc-hash",
]

[[package]]
name = "y2020d23"
version = "0.1.0"
dependencies = [
 "aoclib 0.1.0",
]

[[package]]
name = "y2020d24"
version = "0.1.0"
dependencies = [
 "aoclib 0.1.0",
 "grid",
 "rustc-hash",
]

[[package]]
name = "y2020d25"
version = "0.1.0"
dependencies = [
 "aoclib 0.1.0",
]

[[package]]
name = "y2021d01"
version = "0.1.0"
dependencies = [
 "aoclib 0.1.0",
]

[[package]]
name = "y2021d02"
version = "0.1.0"
dependencies = [
 "aoclib 0.1.0",
]

[[package]]
name = "y2021d03"
version = "0.1.0"
dependencies = [
 "aoclib 0.1.0",
 "rustc-hash",
]

[[package]]
name = "y2021d04"
version = "0.1.0"
dependencies = [
 "aoclib 0.1.0",
 "rustc-hash",
]

[[package]]
name = "y2021d05"
version = "0.1.0"
dependencies = [
 "aoclib 0.1.0",
 "grid",
 "rustc-hash",
]

[[package]]
name = "y2021d06"
version = "0.1.0"
dependencies = [
 "aoclib 0.1.0",
 "rustc-hash",
]

[[package]]
name = "y2021d07"
version = "0.1.0"
dependencies = [
 "aoclib 0.1.0",
]

[[package]]
name = "y2021d08"
version = "0.1.0"
dependencies = [
 "aoclib 0.1.0",
 "rustc-hash",
]

[[package]]
name = "y2021d09"
version = "0.1.0"
dependencies = [
 "aoclib 0.1.0",
 "grid",
]

[[package]]
name = "y2021d10"
version = "0.1.0"
dependencies = [
 "aoclib 0.1.0",
]

[[package]]
name = "y2021d11"
version = "0.1.0"
dependencies = [
 "aoclib 0.1.0",
 "grid",
]

[[package]]
name = "y2021d12"
version = "0.1.0"
dependencies = [
 "aoclib 0.1.0",
]

[[package]]
name = "y2021d13"
version = "0.1.0"
dependencies = [
 "aoclib 0.1.0",
 "grid",
 "rustc-hash",
]

[[package]]
name = "y2021d14"
version = "0.1.0"
dependencies = [
 "aoclib 0.1.0",
 "rustc-hash",
]

[[package]]
name = "y2021d16"
version = "0.1.0"
dependencies = [
 "aoclib 0.1.0",
]

[[package]]
name = "y2021d17"
version = "0.1.0"
dependencies = [
 "aoclib 0.1.0",
 "rustc-hash",
]

[[package]]
name = "y2021d18"
version = "0.1.0"
dependencies = [
 "aoclib 0.1.0",
]

[[package]]
name = "y2021d19"
version = "0.1.0"
dependencies = [
 "aoclib 0.1.0",
]

[[package]]
name = "y2021d20"
version = "0.1.0"
dependencies = [
 "aoclib 0.1.0",
 "grid",
]

[[package]]
name = "y2021d21"
version = "0.1.0"
dependencies = [
 "aoclib 0.1.0",
 "rustc-hash",
]

[[package]]
name = "y2021d22"
version = "0.1.0"
dependencies = [
 "aoclib 0.1.0",
]

[[package]]
name = "y2021d23"
version = "0.1.0"
dependencies = [
 "aoclib 0.1.0",
 "search",
]

[[package]]
name = "y2021d24"
version = "0.1.0"
dependencies = [
 "aoclib 0.1.0",
]

[[package]]
name = "y2021d25"
version = "0.1.0"
dependencies = [
 "aoclib 0.1.0",
 "grid",
]

[[package]]
name = "y2022d01"
version = "0.1.0"
dependencies = [
 "aoclib 0.2.1",
]

[[package]]
name = "y2022d02"
version = "0.1.0"
dependencies = [
 "aoclib 0.2.1",
]

[[package]]
name = "y2022d03"
version = "0.1.0"
dependencies = [
 "aoclib 0.2.1",
]

[[package]]
name = "y2022d04"
version = "0.1.0"
dependencies = [
 "aoclib 0.2.1",
]

[[package]]
name = "y2022d05"
version = "0.1.0"
dependencies = [
 "aoclib 0.2.1",
]

[[package]]
name = "y2022d06"
version = "0.1.0"
dependencies = [
 "aoclib 0.2.1",
]

[[package]]
name = "y2022d07"
version = "0.1.0"
dependencies = [
 "aoclib 0.2.1",
]

[[package]]
name = "y2022d08"
version = "0.1.0"
dependencies = [
 "aoclib 0.2.1",
 "grid",
]

[[package]]
name = "y2022d09"
version = "0.1.0"
dependencies = [
 "aoclib 0.2.1",
 "grid",
 "rustc-hash",
]

[[package]]
name = "y2022d10"
version = "0.1.0"
dependencies = [
 "aoclib 0.1.0",
]

[[package]]
name = "y2022d11"
version = "0.1.0"
dependencies = [
 "aoclib 0.1.0",
]

[[package]]
name = "y2022d12"
version = "0.1.0"
dependencies = [
 "aoclib 0.1.0",
 "grid",
 "search",
]

[[package]]
name = "y2022d13"
version = "0.1.0"
dependencies = [
 "aoclib 0.1.0",
]

[[package]]
name = "y2022d14"
version = "0.1.0"
dependencies = [
 "aoclib 0.1.0",
 "grid",
 "rustc-hash",
]

[[package]]
name = "y2022d15"
version = "0.1.0"
dependencies = [
 "aoclib 0.1.0",
 "grid",
]

[[package]]
name = "y2022d16"
version = "0.1.0"
dependencies = [
 "aoclib 0.1.0",
 "rustc-hash",
 "search",
]

[[package]]
name = "y2022d17"
version = "0.1.0"
dependencies = [
 "aoclib 0.1.0",
 "grid",
 "rustc-hash",
]

[[package]]
name = "y2022d18"
version = "0.1.0"
dependencies = [
 "aoclib 0.1.0",
 "rustc-hash",
 "search",
]

[[package]]
name = "y2022d19"
version = "0.1.0"
dependencies = [
 "aoclib 0.1.0",
]

[[package]]
name = "y2022d20"
version = "0.1.0"
dependencies = [
 "aoclib 0.1.0",
]

[[package]]
name = "y2022d21"
version = "0.1.0"
dependencies = [
 "aoclib 0.1.0",
 "rustc-hash",
]

[[package]]
name = "y2022d22"
version = "0.1.0"
dependencies = [
 "aoclib 0.1.0",
 "grid",
 "rustc-hash",
]

[[package]]
name = "y2022d23"
version = "0.1.0"
dependencies = [
 "aoclib 0.1.0",
 "grid",
]

[[package]]
name = "y2022d24"
version = "0.1.0"
dependencies = [
 "aoclib 0.1.0",
 "grid",
]

[[package]]
name = "y2022d25"
version = "0.1.0"
dependencies = [
 "aoclib 0.1.0",
]

[[package]]
name = "y2023d01"
version = "0.1.0"
dependencies = [
 "aoclib 0.2.1",
]

[[package]]
name = "y2023d02"
version = "0.1.0"
dependencies = [
 "aoclib 0.2.1",
]

[[package]]
name = "y2023d03"
version = "0.1.0"
dependencies = [
 "aoclib 0.2.1",
 "grid",
 "rustc-hash",
]

[[package]]
name = "y2023d04"
version = "0.1.0"
dependencies = [
 "aoclib 0.2.1",
 "rustc-hash",
]

[[package]]
name = "y2023d05"
version = "0.1.0"
dependencies = [
 "aoclib 0.2.1",
]

[[package]]
name = "y2023d06"
version = "0.1.0"
dependencies = [
 "aoclib 0.2.1",
]

[[package]]
name = "y2023d07"
version = "0.1.0"
dependencies = [
 "aoclib 0.2.1",
]

[[package]]
name = "y2023d08"
version = "0.1.0"
dependencies = [
 "aoclib 0.2.1",
 "rustc-hash",
]

[[package]]
name = "y2023d09"
version = "0.1.0"
dependencies = [
 "aoclib 0.2.1",
]

[[package]]
name = "y2023d10"
version = "0.1.0"
dependencies = [
 "aoclib 0.2.1",
 "grid",
]

[[package]]
name = "y2023d11"
version = "0.1.0"
dependencies = [
 "aoclib 0.2.1",
]

[[package]]
name = "y2023d12"
version = "0.1.0"
dependencies = [
 "aoclib 0.2.1",
 "num-integer",
]

[[package]]
name = "y2023d13"
version = "0.1.0"
dependencies = [
 "aoclib 0.2.1",
]

[[package]]
name = "y2023d14"
version = "0.1.0"
dependencies = [
 "aoclib 0.2.1",
 "grid",
]

[[package]]
name = "y2023d15"
version = "0.1.0"
dependencies = [
 "aoclib 0.2.1",
]

[[package]]
name = "y2023d16"
version = "0.1.0"
dependencies = [
 "aoclib 0.2.1",
 "grid",
]

[[package]]
name = "y2023d17"
version = "0.1.0"
dependencies = [
 "aoclib 0.2.1",
 "grid",
 "search",
]

[[package]]
name = "y2023d18"
version = "0.1.0"
dependencies = [
 "aoclib 0.2.1",
]

[[package]]
name = "y2023d19"
version = "0.1.0"
dependencies = [
 "aoclib 0.2.1",
 "rustc-hash",
]

[[package]]
name = "y2023d20"
version = "0.1.0"
dependencies = [
 "aoclib 0.2.1",
 "rustc-hash",
]
